{
  "name": "bh10-copias",
  "lockfileVersion": 3,
  "requires": true,
  "packages": {
    "": {
      "name": "bh10-copias",
      "dependencies": {
        "@zip.js/zip.js": "2.8.57"
      }
    },
    "node_modules/@zip.js/zip.js": {
      "version": "2.8.57",
      "resolved": "https://registry.npmjs.org/@zip.js/zip.js/-/zip.js-2.8.57.tgz",
      "integrity": "sha512-cd5a0s7CS0MOD52f7FW4ju84wc/+b+YNu5XIG72PfXRLk6rInEdvIrB/BjR8D8hS4fMKuYJOBjv6FoLh3e7DHw==",
      "license": "BSD-3-Clause",
      "engines": {
        "bun": ">=0.7.0",
        "deno": ">=1.0.0",
        "node": ">=18.0.0"
      }
    }
  }
}
